
Microsoft Visual Studio Solution File, Format Version 12.00
# Visual Studio Version 17
VisualStudioVersion = 17.5.002.0
MinimumVisualStudioVersion = 10.0.40219.1
Project("{9A19103F-16F7-4668-BE54-9A1E7A4F7556}") = "kaspa-rest-api", "kaspa-api\kaspa-rest-api.csproj", "{7D0B5DB4-37CE-46A4-9BC8-50415D367E30}"
EndProject
Project("{FAE04EC0-301F-11D3-BF4B-00C04F79EFBC}") = "kaspa-api.test", "kaspa-api.test\kaspa-api.test.csproj", "{DBF8C725-A56C-4AF4-98C2-07DA44008E8E}"
EndProject
Global
	GlobalSection(SolutionConfigurationPlatforms) = preSolution
		Debug|Any CPU = Debug|Any CPU
		Release|Any CPU = Release|Any CPU
	EndGlobalSection
	GlobalSection(ProjectConfigurationPlatforms) = postSolution
		{7D0B5DB4-37CE-46A4-9BC8-50415D367E30}.Debug|Any CPU.ActiveCfg = Debug|Any CPU
		{7D0B5DB4-37CE-46A4-9BC8-50415D367E30}.Debug|Any CPU.Build.0 = Debug|Any CPU
		{7D0B5DB4-37CE-46A4-9BC8-50415D367E30}.Release|Any CPU.ActiveCfg = Release|Any CPU
		{7D0B5DB4-37CE-46A4-9BC8-50415D367E30}.Release|Any CPU.Build.0 = Release|Any CPU
		{DBF8C725-A56C-4AF4-98C2-07DA44008E8E}.Debug|Any CPU.ActiveCfg = Debug|Any CPU
		{DBF8C725-A56C-4AF4-98C2-07DA44008E8E}.Debug|Any CPU.Build.0 = Debug|Any CPU
		{DBF8C725-A56C-4AF4-98C2-07DA44008E8E}.Release|Any CPU.ActiveCfg = Release|Any CPU
		{DBF8C725-A56C-4AF4-98C2-07DA44008E8E}.Release|Any CPU.Build.0 = Release|Any CPU
	EndGlobalSection
	GlobalSection(SolutionProperties) = preSolution
		HideSolutionNode = FALSE
	EndGlobalSection
	GlobalSection(ExtensibilityGlobals) = postSolution
		SolutionGuid = {B6109623-1226-4C16-B6AD-7400E7427425}
	EndGlobalSection
EndGlobal
